// !$*UTF8*$!
{
	archiveVersion = 1;
	classes = {
	};
	objectVersion = 56;
	objects = {

/* Begin PBXBuildFile section */
		E01D87162DA3D96A009D400D /* Lottie in Frameworks */ = {isa = PBXBuildFile; productRef = E01D87152DA3D96A009D400D /* Lottie */; };
		E01D87182DA3D96A009D400D /* Lottie-Dynamic in Frameworks */ = {isa = PBXBuildFile; productRef = E01D87172DA3D96A009D400D /* Lottie-Dynamic */; };
		E01D871A2DA3D97A009D400D /* Lottie in Frameworks */ = {isa = PBXBuildFile; productRef = E01D87192DA3D97A009D400D /* Lottie */; };
		E01D871C2DA3D97A009D400D /* Lottie-Dynamic in Frameworks */ = {isa = PBXBuildFile; productRef = E01D871B2DA3D97A009D400D /* Lottie-Dynamic */; };
		E079B4352D9E7CC000777490 /* FocustimeApp.swift in Sources */ = {isa = PBXBuildFile; fileRef = E079B4342D9E7CC000777490 /* FocustimeApp.swift */; };
		E079B4372D9E7CC000777490 /* ContentView.swift in Sources */ = {isa = PBXBuildFile; fileRef = E079B4362D9E7CC000777490 /* ContentView.swift */; };
		E079B4392D9E7CC100777490 /* Assets.xcassets in Resources */ = {isa = PBXBuildFile; fileRef = E079B4382D9E7CC100777490 /* Assets.xcassets */; };
		E079B43C2D9E7CC100777490 /* Preview Assets.xcassets in Resources */ = {isa = PBXBuildFile; fileRef = E079B43B2D9E7CC100777490 /* Preview Assets.xcassets */; };
		E079B4462D9E7CC200777490 /* FocustimeTests.swift in Sources */ = {isa = PBXBuildFile; fileRef = E079B4452D9E7CC200777490 /* FocustimeTests.swift */; };
		E079B4502D9E7CC200777490 /* FocustimeUITests.swift in Sources */ = {isa = PBXBuildFile; fileRef = E079B44F2D9E7CC200777490 /* FocustimeUITests.swift */; };
		E079B4522D9E7CC200777490 /* FocustimeUITestsLaunchTests.swift in Sources */ = {isa = PBXBuildFile; fileRef = E079B4512D9E7CC200777490 /* FocustimeUITestsLaunchTests.swift */; };
		E079B45F2D9FCE8100777490 /* GameSelectionView.swift in Sources */ = {isa = PBXBuildFile; fileRef = E079B45E2D9FCE8100777490 /* GameSelectionView.swift */; };
		E079B4612D9FD19400777490 /* MemoryGameView.swift in Sources */ = {isa = PBXBuildFile; fileRef = E079B4602D9FD19400777490 /* MemoryGameView.swift */; };
		E079B4632D9FD1B100777490 /* ReactionGameView.swift in Sources */ = {isa = PBXBuildFile; fileRef = E079B4622D9FD1B100777490 /* ReactionGameView.swift */; };
		E079B4652D9FD24000777490 /* PatternGameView.swift in Sources */ = {isa = PBXBuildFile; fileRef = E079B4642D9FD24000777490 /* PatternGameView.swift */; };
		E079B4672DA1E34C00777490 /* PlayfulBackgroundView.swift in Sources */ = {isa = PBXBuildFile; fileRef = E079B4662DA1E34C00777490 /* PlayfulBackgroundView.swift */; };
		E079B46C2DA1E9CE00777490 /* lion.json in Resources */ = {isa = PBXBuildFile; fileRef = E079B46B2DA1E9CE00777490 /* lion.json */; };
		E079B46E2DA1E9D800777490 /* bird.json in Resources */ = {isa = PBXBuildFile; fileRef = E079B46D2DA1E9D800777490 /* bird.json */; };
		E079B4702DA1EA3D00777490 /* AnimatedAnimalView.swift in Sources */ = {isa = PBXBuildFile; fileRef = E079B46F2DA1EA3D00777490 /* AnimatedAnimalView.swift */; };
		E079B4722DA1EB0400777490 /* Lottie in Frameworks */ = {isa = PBXBuildFile; productRef = E079B4712DA1EB0400777490 /* Lottie */; };
/* End PBXBuildFile section */

/* Begin PBXContainerItemProxy section */
		E079B4422D9E7CC200777490 /* PBXContainerItemProxy */ = {
			isa = PBXContainerItemProxy;
			containerPortal = E079B4292D9E7CC000777490 /* Project object */;
			proxyType = 1;
			remoteGlobalIDString = E079B4302D9E7CC000777490;
			remoteInfo = Focustime;
		};
		E079B44C2D9E7CC200777490 /* PBXContainerItemProxy */ = {
			isa = PBXContainerItemProxy;
			containerPortal = E079B4292D9E7CC000777490 /* Project object */;
			proxyType = 1;
			remoteGlobalIDString = E079B4302D9E7CC000777490;
			remoteInfo = Focustime;
		};
/* End PBXContainerItemProxy section */

/* Begin PBXFileReference section */
		E079B4312D9E7CC000777490 /* Focustime.app */ = {isa = PBXFileReference; explicitFileType = wrapper.application; includeInIndex = 0; path = Focustime.app; sourceTree = BUILT_PRODUCTS_DIR; };
		E079B4342D9E7CC000777490 /* FocustimeApp.swift */ = {isa = PBXFileReference; lastKnownFileType = sourcecode.swift; path = FocustimeApp.swift; sourceTree = "<group>"; };
		E079B4362D9E7CC000777490 /* ContentView.swift */ = {isa = PBXFileReference; lastKnownFileType = sourcecode.swift; path = ContentView.swift; sourceTree = "<group>"; };
		E079B4382D9E7CC100777490 /* Assets.xcassets */ = {isa = PBXFileReference; lastKnownFileType = folder.assetcatalog; path = Assets.xcassets; sourceTree = "<group>"; };
		E079B43B2D9E7CC100777490 /* Preview Assets.xcassets */ = {isa = PBXFileReference; lastKnownFileType = folder.assetcatalog; path = "Preview Assets.xcassets"; sourceTree = "<group>"; };
		E079B4412D9E7CC200777490 /* FocustimeTests.xctest */ = {isa = PBXFileReference; explicitFileType = wrapper.cfbundle; includeInIndex = 0; path = FocustimeTests.xctest; sourceTree = BUILT_PRODUCTS_DIR; };
		E079B4452D9E7CC200777490 /* FocustimeTests.swift */ = {isa = PBXFileReference; lastKnownFileType = sourcecode.swift; path = FocustimeTests.swift; sourceTree = "<group>"; };
		E079B44B2D9E7CC200777490 /* FocustimeUITests.xctest */ = {isa = PBXFileReference; explicitFileType = wrapper.cfbundle; includeInIndex = 0; path = FocustimeUITests.xctest; sourceTree = BUILT_PRODUCTS_DIR; };
		E079B44F2D9E7CC200777490 /* FocustimeUITests.swift */ = {isa = PBXFileReference; lastKnownFileType = sourcecode.swift; path = FocustimeUITests.swift; sourceTree = "<group>"; };
		E079B4512D9E7CC200777490 /* FocustimeUITestsLaunchTests.swift */ = {isa = PBXFileReference; lastKnownFileType = sourcecode.swift; path = FocustimeUITestsLaunchTests.swift; sourceTree = "<group>"; };
		E079B45E2D9FCE8100777490 /* GameSelectionView.swift */ = {isa = PBXFileReference; lastKnownFileType = sourcecode.swift; path = GameSelectionView.swift; sourceTree = "<group>"; };
		E079B4602D9FD19400777490 /* MemoryGameView.swift */ = {isa = PBXFileReference; lastKnownFileType = sourcecode.swift; path = MemoryGameView.swift; sourceTree = "<group>"; };
		E079B4622D9FD1B100777490 /* ReactionGameView.swift */ = {isa = PBXFileReference; lastKnownFileType = sourcecode.swift; path = ReactionGameView.swift; sourceTree = "<group>"; };
		E079B4642D9FD24000777490 /* PatternGameView.swift */ = {isa = PBXFileReference; lastKnownFileType = sourcecode.swift; path = PatternGameView.swift; sourceTree = "<group>"; };
		E079B4662DA1E34C00777490 /* PlayfulBackgroundView.swift */ = {isa = PBXFileReference; lastKnownFileType = sourcecode.swift; path = PlayfulBackgroundView.swift; sourceTree = "<group>"; };
		E079B46B2DA1E9CE00777490 /* lion.json */ = {isa = PBXFileReference; fileEncoding = 4; lastKnownFileType = text.json; path = lion.json; sourceTree = "<group>"; };
		E079B46D2DA1E9D800777490 /* bird.json */ = {isa = PBXFileReference; fileEncoding = 4; lastKnownFileType = text.json; path = bird.json; sourceTree = "<group>"; };
		E079B46F2DA1EA3D00777490 /* AnimatedAnimalView.swift */ = {isa = PBXFileReference; lastKnownFileType = sourcecode.swift; path = AnimatedAnimalView.swift; sourceTree = "<group>"; };
/* End PBXFileReference section */

/* Begin PBXFrameworksBuildPhase section */
		E079B42E2D9E7CC000777490 /* Frameworks */ = {
			isa = PBXFrameworksBuildPhase;
			buildActionMask = 2147483647;
			files = (
				E079B4722DA1EB0400777490 /* Lottie in Frameworks */,
			);
			runOnlyForDeploymentPostprocessing = 0;
		};
		E079B43E2D9E7CC200777490 /* Frameworks */ = {
			isa = PBXFrameworksBuildPhase;
			buildActionMask = 2147483647;
			files = (
				E01D87162DA3D96A009D400D /* Lottie in Frameworks */,
				E01D87182DA3D96A009D400D /* Lottie-Dynamic in Frameworks */,
			);
			runOnlyForDeploymentPostprocessing = 0;
		};
		E079B4482D9E7CC200777490 /* Frameworks */ = {
			isa = PBXFrameworksBuildPhase;
			buildActionMask = 2147483647;
			files = (
				E01D871A2DA3D97A009D400D /* Lottie in Frameworks */,
				E01D871C2DA3D97A009D400D /* Lottie-Dynamic in Frameworks */,
			);
			runOnlyForDeploymentPostprocessing = 0;
		};
/* End PBXFrameworksBuildPhase section */

/* Begin PBXGroup section */
		E01D871E2DA3EBCE009D400D /* PlayfulBackground */ = {
			isa = PBXGroup;
			children = (
				E079B46B2DA1E9CE00777490 /* lion.json */,
				E079B46D2DA1E9D800777490 /* bird.json */,
				E079B4662DA1E34C00777490 /* PlayfulBackgroundView.swift */,
				E079B46F2DA1EA3D00777490 /* AnimatedAnimalView.swift */,
			);
			path = PlayfulBackground;
			sourceTree = "<group>";
		};
		E01D87212DA3ECF7009D400D /* Views */ = {
			isa = PBXGroup;
			children = (
				E079B4642D9FD24000777490 /* PatternGameView.swift */,
				E079B4622D9FD1B100777490 /* ReactionGameView.swift */,
				E079B4602D9FD19400777490 /* MemoryGameView.swift */,
				E079B45E2D9FCE8100777490 /* GameSelectionView.swift */,
			);
			path = Views;
			sourceTree = "<group>";
		};
		E079B4282D9E7CC000777490 = {
			isa = PBXGroup;
			children = (
				E079B4332D9E7CC000777490 /* Focustime */,
				E079B4442D9E7CC200777490 /* FocustimeTests */,
				E079B44E2D9E7CC200777490 /* FocustimeUITests */,
				E079B4322D9E7CC000777490 /* Products */,
			);
			sourceTree = "<group>";
		};
		E079B4322D9E7CC000777490 /* Products */ = {
			isa = PBXGroup;
			children = (
				E079B4312D9E7CC000777490 /* Focustime.app */,
				E079B4412D9E7CC200777490 /* FocustimeTests.xctest */,
				E079B44B2D9E7CC200777490 /* FocustimeUITests.xctest */,
			);
			name = Products;
			sourceTree = "<group>";
		};
		E079B4332D9E7CC000777490 /* Focustime */ = {
			isa = PBXGroup;
			children = (
				E01D87212DA3ECF7009D400D /* Views */,
				E01D871E2DA3EBCE009D400D /* PlayfulBackground */,
				E079B4342D9E7CC000777490 /* FocustimeApp.swift */,
				E079B4362D9E7CC000777490 /* ContentView.swift */,
				E079B4382D9E7CC100777490 /* Assets.xcassets */,
				E079B43A2D9E7CC100777490 /* Preview Content */,
			);
			path = Focustime;
			sourceTree = "<group>";
		};
		E079B43A2D9E7CC100777490 /* Preview Content */ = {
			isa = PBXGroup;
			children = (
				E079B43B2D9E7CC100777490 /* Preview Assets.xcassets */,
			);
			path = "Preview Content";
			sourceTree = "<group>";
		};
		E079B4442D9E7CC200777490 /* FocustimeTests */ = {
			isa = PBXGroup;
			children = (
				E079B4452D9E7CC200777490 /* FocustimeTests.swift */,
			);
			path = FocustimeTests;
			sourceTree = "<group>";
		};
		E079B44E2D9E7CC200777490 /* FocustimeUITests */ = {
			isa = PBXGroup;
			children = (
				E079B44F2D9E7CC200777490 /* FocustimeUITests.swift */,
				E079B4512D9E7CC200777490 /* FocustimeUITestsLaunchTests.swift */,
			);
			path = FocustimeUITests;
			sourceTree = "<group>";
		};
/* End PBXGroup section */

/* Begin PBXNativeTarget section */
		E079B4302D9E7CC000777490 /* Focustime */ = {
			isa = PBXNativeTarget;
			buildConfigurationList = E079B4552D9E7CC200777490 /* Build configuration list for PBXNativeTarget "Focustime" */;
			buildPhases = (
				E079B42D2D9E7CC000777490 /* Sources */,
				E079B42E2D9E7CC000777490 /* Frameworks */,
				E079B42F2D9E7CC000777490 /* Resources */,
			);
			buildRules = (
			);
			dependencies = (
			);
			name = Focustime;
			packageProductDependencies = (
				E079B4712DA1EB0400777490 /* Lottie */,
			);
			productName = Focustime;
			productReference = E079B4312D9E7CC000777490 /* Focustime.app */;
			productType = "com.apple.product-type.application";
		};
		E079B4402D9E7CC200777490 /* FocustimeTests */ = {
			isa = PBXNativeTarget;
			buildConfigurationList = E079B4582D9E7CC200777490 /* Build configuration list for PBXNativeTarget "FocustimeTests" */;
			buildPhases = (
				E079B43D2D9E7CC200777490 /* Sources */,
				E079B43E2D9E7CC200777490 /* Frameworks */,
				E079B43F2D9E7CC200777490 /* Resources */,
			);
			buildRules = (
			);
			dependencies = (
				E079B4432D9E7CC200777490 /* PBXTargetDependency */,
			);
			name = FocustimeTests;
			packageProductDependencies = (
				E01D87152DA3D96A009D400D /* Lottie */,
				E01D87172DA3D96A009D400D /* Lottie-Dynamic */,
			);
			productName = FocustimeTests;
			productReference = E079B4412D9E7CC200777490 /* FocustimeTests.xctest */;
			productType = "com.apple.product-type.bundle.unit-test";
		};
		E079B44A2D9E7CC200777490 /* FocustimeUITests */ = {
			isa = PBXNativeTarget;
			buildConfigurationList = E079B45B2D9E7CC200777490 /* Build configuration list for PBXNativeTarget "FocustimeUITests" */;
			buildPhases = (
				E079B4472D9E7CC200777490 /* Sources */,
				E079B4482D9E7CC200777490 /* Frameworks */,
				E079B4492D9E7CC200777490 /* Resources */,
			);
			buildRules = (
			);
			dependencies = (
				E079B44D2D9E7CC200777490 /* PBXTargetDependency */,
			);
			name = FocustimeUITests;
			packageProductDependencies = (
				E01D87192DA3D97A009D400D /* Lottie */,
				E01D871B2DA3D97A009D400D /* Lottie-Dynamic */,
			);
			productName = FocustimeUITests;
			productReference = E079B44B2D9E7CC200777490 /* FocustimeUITests.xctest */;
			productType = "com.apple.product-type.bundle.ui-testing";
		};
/* End PBXNativeTarget section */

/* Begin PBXProject section */
		E079B4292D9E7CC000777490 /* Project object */ = {
			isa = PBXProject;
			attributes = {
				BuildIndependentTargetsInParallel = 1;
				LastSwiftUpdateCheck = 1540;
				LastUpgradeCheck = 1540;
				TargetAttributes = {
					E079B4302D9E7CC000777490 = {
						CreatedOnToolsVersion = 15.4;
					};
					E079B4402D9E7CC200777490 = {
						CreatedOnToolsVersion = 15.4;
						TestTargetID = E079B4302D9E7CC000777490;
					};
					E079B44A2D9E7CC200777490 = {
						CreatedOnToolsVersion = 15.4;
						TestTargetID = E079B4302D9E7CC000777490;
					};
				};
			};
			buildConfigurationList = E079B42C2D9E7CC000777490 /* Build configuration list for PBXProject "Focustime" */;
			compatibilityVersion = "Xcode 14.0";
			developmentRegion = en;
			hasScannedForEncodings = 0;
			knownRegions = (
				en,
				Base,
			);
			mainGroup = E079B4282D9E7CC000777490;
			packageReferences = (
				E079B4682DA1E57E00777490 /* XCRemoteSwiftPackageReference "lottie-ios" */,
			);
			productRefGroup = E079B4322D9E7CC000777490 /* Products */;
			projectDirPath = "";
			projectRoot = "";
			targets = (
				E079B4302D9E7CC000777490 /* Focustime */,
				E079B4402D9E7CC200777490 /* FocustimeTests */,
				E079B44A2D9E7CC200777490 /* FocustimeUITests */,
			);
		};
/* End PBXProject section */

/* Begin PBXResourcesBuildPhase section */
		E079B42F2D9E7CC000777490 /* Resources */ = {
			isa = PBXResourcesBuildPhase;
			buildActionMask = 2147483647;
			files = (
				E079B43C2D9E7CC100777490 /* Preview Assets.xcassets in Resources */,
				E079B4392D9E7CC100777490 /* Assets.xcassets in Resources */,
				E079B46E2DA1E9D800777490 /* bird.json in Resources */,
				E079B46C2DA1E9CE00777490 /* lion.json in Resources */,
			);
			runOnlyForDeploymentPostprocessing = 0;
		};
		E079B43F2D9E7CC200777490 /* Resources */ = {
			isa = PBXResourcesBuildPhase;
			buildActionMask = 2147483647;
			files = (
			);
			runOnlyForDeploymentPostprocessing = 0;
		};
		E079B4492D9E7CC200777490 /* Resources */ = {
			isa = PBXResourcesBuildPhase;
			buildActionMask = 2147483647;
			files = (
			);
			runOnlyForDeploymentPostprocessing = 0;
		};
/* End PBXResourcesBuildPhase section */

/* Begin PBXSourcesBuildPhase section */
		E079B42D2D9E7CC000777490 /* Sources */ = {
			isa = PBXSourcesBuildPhase;
			buildActionMask = 2147483647;
			files = (
				E079B45F2D9FCE8100777490 /* GameSelectionView.swift in Sources */,
				E079B4652D9FD24000777490 /* PatternGameView.swift in Sources */,
				E079B4672DA1E34C00777490 /* PlayfulBackgroundView.swift in Sources */,
				E079B4702DA1EA3D00777490 /* AnimatedAnimalView.swift in Sources */,
				E079B4632D9FD1B100777490 /* ReactionGameView.swift in Sources */,
				E079B4612D9FD19400777490 /* MemoryGameView.swift in Sources */,
				E079B4372D9E7CC000777490 /* ContentView.swift in Sources */,
				E079B4352D9E7CC000777490 /* FocustimeApp.swift in Sources */,
			);
			runOnlyForDeploymentPostprocessing = 0;
		};
		E079B43D2D9E7CC200777490 /* Sources */ = {
			isa = PBXSourcesBuildPhase;
			buildActionMask = 2147483647;
			files = (
				E079B4462D9E7CC200777490 /* FocustimeTests.swift in Sources */,
			);
			runOnlyForDeploymentPostprocessing = 0;
		};
		E079B4472D9E7CC200777490 /* Sources */ = {
			isa = PBXSourcesBuildPhase;
			buildActionMask = 2147483647;
			files = (
				E079B4522D9E7CC200777490 /* FocustimeUITestsLaunchTests.swift in Sources */,
				E079B4502D9E7CC200777490 /* FocustimeUITests.swift in Sources */,
			);
			runOnlyForDeploymentPostprocessing = 0;
		};
/* End PBXSourcesBuildPhase section */

/* Begin PBXTargetDependency section */
		E079B4432D9E7CC200777490 /* PBXTargetDependency */ = {
			isa = PBXTargetDependency;
			target = E079B4302D9E7CC000777490 /* Focustime */;
			targetProxy = E079B4422D9E7CC200777490 /* PBXContainerItemProxy */;
		};
		E079B44D2D9E7CC200777490 /* PBXTargetDependency */ = {
			isa = PBXTargetDependency;
			target = E079B4302D9E7CC000777490 /* Focustime */;
			targetProxy = E079B44C2D9E7CC200777490 /* PBXContainerItemProxy */;
		};
/* End PBXTargetDependency section */

/* Begin XCBuildConfiguration section */
		E079B4532D9E7CC200777490 /* Debug */ = {
			isa = XCBuildConfiguration;
			buildSettings = {
				ALWAYS_SEARCH_USER_PATHS = NO;
				ASSETCATALOG_COMPILER_GENERATE_SWIFT_ASSET_SYMBOL_EXTENSIONS = YES;
				CLANG_ANALYZER_NONNULL = YES;
				CLANG_ANALYZER_NUMBER_OBJECT_CONVERSION = YES_AGGRESSIVE;
				CLANG_CXX_LANGUAGE_STANDARD = "gnu++20";
				CLANG_ENABLE_MODULES = YES;
				CLANG_ENABLE_OBJC_ARC = YES;
				CLANG_ENABLE_OBJC_WEAK = YES;
				CLANG_WARN_BLOCK_CAPTURE_AUTORELEASING = YES;
				CLANG_WARN_BOOL_CONVERSION = YES;
				CLANG_WARN_COMMA = YES;
				CLANG_WARN_CONSTANT_CONVERSION = YES;
				CLANG_WARN_DEPRECATED_OBJC_IMPLEMENTATIONS = YES;
				CLANG_WARN_DIRECT_OBJC_ISA_USAGE = YES_ERROR;
				CLANG_WARN_DOCUMENTATION_COMMENTS = YES;
				CLANG_WARN_EMPTY_BODY = YES;
				CLANG_WARN_ENUM_CONVERSION = YES;
				CLANG_WARN_INFINITE_RECURSION = YES;
				CLANG_WARN_INT_CONVERSION = YES;
				CLANG_WARN_NON_LITERAL_NULL_CONVERSION = YES;
				CLANG_WARN_OBJC_IMPLICIT_RETAIN_SELF = YES;
				CLANG_WARN_OBJC_LITERAL_CONVERSION = YES;
				CLANG_WARN_OBJC_ROOT_CLASS = YES_ERROR;
				CLANG_WARN_QUOTED_INCLUDE_IN_FRAMEWORK_HEADER = YES;
				CLANG_WARN_RANGE_LOOP_ANALYSIS = YES;
				CLANG_WARN_STRICT_PROTOTYPES = YES;
				CLANG_WARN_SUSPICIOUS_MOVE = YES;
				CLANG_WARN_UNGUARDED_AVAILABILITY = YES_AGGRESSIVE;
				CLANG_WARN_UNREACHABLE_CODE = YES;
				CLANG_WARN__DUPLICATE_METHOD_MATCH = YES;
				COPY_PHASE_STRIP = NO;
				DEBUG_INFORMATION_FORMAT = dwarf;
				ENABLE_STRICT_OBJC_MSGSEND = YES;
				ENABLE_TESTABILITY = YES;
				ENABLE_USER_SCRIPT_SANDBOXING = YES;
				GCC_C_LANGUAGE_STANDARD = gnu17;
				GCC_DYNAMIC_NO_PIC = NO;
				GCC_NO_COMMON_BLOCKS = YES;
				GCC_OPTIMIZATION_LEVEL = 0;
				GCC_PREPROCESSOR_DEFINITIONS = (
					"DEBUG=1",
					"$(inherited)",
				);
				GCC_WARN_64_TO_32_BIT_CONVERSION = YES;
				GCC_WARN_ABOUT_RETURN_TYPE = YES_ERROR;
				GCC_WARN_UNDECLARED_SELECTOR = YES;
				GCC_WARN_UNINITIALIZED_AUTOS = YES_AGGRESSIVE;
				GCC_WARN_UNUSED_FUNCTION = YES;
				GCC_WARN_UNUSED_VARIABLE = YES;
				IPHONEOS_DEPLOYMENT_TARGET = 17.5;
				LOCALIZATION_PREFERS_STRING_CATALOGS = YES;
				MTL_ENABLE_DEBUG_INFO = INCLUDE_SOURCE;
				MTL_FAST_MATH = YES;
				ONLY_ACTIVE_ARCH = YES;
				SDKROOT = iphoneos;
				SWIFT_ACTIVE_COMPILATION_CONDITIONS = "DEBUG $(inherited)";
				SWIFT_OPTIMIZATION_LEVEL = "-Onone";
			};
			name = Debug;
		};
		E079B4542D9E7CC200777490 /* Release */ = {
			isa = XCBuildConfiguration;
			buildSettings = {
				ALWAYS_SEARCH_USER_PATHS = NO;
				ASSETCATALOG_COMPILER_GENERATE_SWIFT_ASSET_SYMBOL_EXTENSIONS = YES;
				CLANG_ANALYZER_NONNULL = YES;
				CLANG_ANALYZER_NUMBER_OBJECT_CONVERSION = YES_AGGRESSIVE;
				CLANG_CXX_LANGUAGE_STANDARD = "gnu++20";
				CLANG_ENABLE_MODULES = YES;
				CLANG_ENABLE_OBJC_ARC = YES;
				CLANG_ENABLE_OBJC_WEAK = YES;
				CLANG_WARN_BLOCK_CAPTURE_AUTORELEASING = YES;
				CLANG_WARN_BOOL_CONVERSION = YES;
				CLANG_WARN_COMMA = YES;
				CLANG_WARN_CONSTANT_CONVERSION = YES;
				CLANG_WARN_DEPRECATED_OBJC_IMPLEMENTATIONS = YES;
				CLANG_WARN_DIRECT_OBJC_ISA_USAGE = YES_ERROR;
				CLANG_WARN_DOCUMENTATION_COMMENTS = YES;
				CLANG_WARN_EMPTY_BODY = YES;
				CLANG_WARN_ENUM_CONVERSION = YES;
				CLANG_WARN_INFINITE_RECURSION = YES;
				CLANG_WARN_INT_CONVERSION = YES;
				CLANG_WARN_NON_LITERAL_NULL_CONVERSION = YES;
				CLANG_WARN_OBJC_IMPLICIT_RETAIN_SELF = YES;
				CLANG_WARN_OBJC_LITERAL_CONVERSION = YES;
				CLANG_WARN_OBJC_ROOT_CLASS = YES_ERROR;
				CLANG_WARN_QUOTED_INCLUDE_IN_FRAMEWORK_HEADER = YES;
				CLANG_WARN_RANGE_LOOP_ANALYSIS = YES;
				CLANG_WARN_STRICT_PROTOTYPES = YES;
				CLANG_WARN_SUSPICIOUS_MOVE = YES;
				CLANG_WARN_UNGUARDED_AVAILABILITY = YES_AGGRESSIVE;
				CLANG_WARN_UNREACHABLE_CODE = YES;
				CLANG_WARN__DUPLICATE_METHOD_MATCH = YES;
				COPY_PHASE_STRIP = NO;
				DEBUG_INFORMATION_FORMAT = "dwarf-with-dsym";
				ENABLE_NS_ASSERTIONS = NO;
				ENABLE_STRICT_OBJC_MSGSEND = YES;
				ENABLE_USER_SCRIPT_SANDBOXING = YES;
				GCC_C_LANGUAGE_STANDARD = gnu17;
				GCC_NO_COMMON_BLOCKS = YES;
				GCC_WARN_64_TO_32_BIT_CONVERSION = YES;
				GCC_WARN_ABOUT_RETURN_TYPE = YES_ERROR;
				GCC_WARN_UNDECLARED_SELECTOR = YES;
				GCC_WARN_UNINITIALIZED_AUTOS = YES_AGGRESSIVE;
				GCC_WARN_UNUSED_FUNCTION = YES;
				GCC_WARN_UNUSED_VARIABLE = YES;
				IPHONEOS_DEPLOYMENT_TARGET = 17.5;
				LOCALIZATION_PREFERS_STRING_CATALOGS = YES;
				MTL_ENABLE_DEBUG_INFO = NO;
				MTL_FAST_MATH = YES;
				SDKROOT = iphoneos;
				SWIFT_COMPILATION_MODE = wholemodule;
				VALIDATE_PRODUCT = YES;
			};
			name = Release;
		};
		E079B4562D9E7CC200777490 /* Debug */ = {
			isa = XCBuildConfiguration;
			buildSettings = {
				ASSETCATALOG_COMPILER_APPICON_NAME = AppIcon;
				ASSETCATALOG_COMPILER_GLOBAL_ACCENT_COLOR_NAME = AccentColor;
				CODE_SIGN_STYLE = Automatic;
				CURRENT_PROJECT_VERSION = 1;
				DEVELOPMENT_ASSET_PATHS = "\"Focustime/Preview Content\"";
				DEVELOPMENT_TEAM = 7WWZUW26Y8;
				ENABLE_PREVIEWS = YES;
				GENERATE_INFOPLIST_FILE = YES;
				INFOPLIST_KEY_UIApplicationSceneManifest_Generation = YES;
				INFOPLIST_KEY_UIApplicationSupportsIndirectInputEvents = YES;
				INFOPLIST_KEY_UILaunchScreen_Generation = YES;
				INFOPLIST_KEY_UISupportedInterfaceOrientations_iPad = "UIInterfaceOrientationPortrait UIInterfaceOrientationPortraitUpsideDown UIInterfaceOrientationLandscapeLeft UIInterfaceOrientationLandscapeRight";
				INFOPLIST_KEY_UISupportedInterfaceOrientations_iPhone = "UIInterfaceOrientationPortrait UIInterfaceOrientationLandscapeLeft UIInterfaceOrientationLandscapeRight";
				LD_RUNPATH_SEARCH_PATHS = (
					"$(inherited)",
					"@executable_path/Frameworks",
				);
				MARKETING_VERSION = 1.0;
				PRODUCT_BUNDLE_IDENTIFIER = nameahmedarif.Focustime;
				PRODUCT_NAME = "$(TARGET_NAME)";
				SWIFT_EMIT_LOC_STRINGS = YES;
				SWIFT_VERSION = 5.0;
				TARGETED_DEVICE_FAMILY = "1,2";
			};
			name = Debug;
		};
		E079B4572D9E7CC200777490 /* Release */ = {
			isa = XCBuildConfiguration;
			buildSettings = {
				ASSETCATALOG_COMPILER_APPICON_NAME = AppIcon;
				ASSETCATALOG_COMPILER_GLOBAL_ACCENT_COLOR_NAME = AccentColor;
				CODE_SIGN_STYLE = Automatic;
				CURRENT_PROJECT_VERSION = 1;
				DEVELOPMENT_ASSET_PATHS = "\"Focustime/Preview Content\"";
				DEVELOPMENT_TEAM = 7WWZUW26Y8;
				ENABLE_PREVIEWS = YES;
				GENERATE_INFOPLIST_FILE = YES;
				INFOPLIST_KEY_UIApplicationSceneManifest_Generation = YES;
				INFOPLIST_KEY_UIApplicationSupportsIndirectInputEvents = YES;
				INFOPLIST_KEY_UILaunchScreen_Generation = YES;
				INFOPLIST_KEY_UISupportedInterfaceOrientations_iPad = "UIInterfaceOrientationPortrait UIInterfaceOrientationPortraitUpsideDown UIInterfaceOrientationLandscapeLeft UIInterfaceOrientationLandscapeRight";
				INFOPLIST_KEY_UISupportedInterfaceOrientations_iPhone = "UIInterfaceOrientationPortrait UIInterfaceOrientationLandscapeLeft UIInterfaceOrientationLandscapeRight";
				LD_RUNPATH_SEARCH_PATHS = (
					"$(inherited)",
					"@executable_path/Frameworks",
				);
				MARKETING_VERSION = 1.0;
				PRODUCT_BUNDLE_IDENTIFIER = nameahmedarif.Focustime;
				PRODUCT_NAME = "$(TARGET_NAME)";
				SWIFT_EMIT_LOC_STRINGS = YES;
				SWIFT_VERSION = 5.0;
				TARGETED_DEVICE_FAMILY = "1,2";
			};
			name = Release;
		};
		E079B4592D9E7CC200777490 /* Debug */ = {
			isa = XCBuildConfiguration;
			buildSettings = {
				ALWAYS_EMBED_SWIFT_STANDARD_LIBRARIES = YES;
				BUNDLE_LOADER = "$(TEST_HOST)";
				CODE_SIGN_STYLE = Automatic;
				CURRENT_PROJECT_VERSION = 1;
				DEVELOPMENT_TEAM = 7WWZUW26Y8;
				GENERATE_INFOPLIST_FILE = YES;
				IPHONEOS_DEPLOYMENT_TARGET = 17.5;
				MARKETING_VERSION = 1.0;
				PRODUCT_BUNDLE_IDENTIFIER = nameahmedarif.FocustimeTests;
				PRODUCT_NAME = "$(TARGET_NAME)";
				SWIFT_EMIT_LOC_STRINGS = NO;
				SWIFT_VERSION = 5.0;
				TARGETED_DEVICE_FAMILY = "1,2";
				TEST_HOST = "$(BUILT_PRODUCTS_DIR)/Focustime.app/$(BUNDLE_EXECUTABLE_FOLDER_PATH)/Focustime";
			};
			name = Debug;
		};
		E079B45A2D9E7CC200777490 /* Release */ = {
			isa = XCBuildConfiguration;
			buildSettings = {
				ALWAYS_EMBED_SWIFT_STANDARD_LIBRARIES = YES;
				BUNDLE_LOADER = "$(TEST_HOST)";
				CODE_SIGN_STYLE = Automatic;
				CURRENT_PROJECT_VERSION = 1;
				DEVELOPMENT_TEAM = 7WWZUW26Y8;
				GENERATE_INFOPLIST_FILE = YES;
				IPHONEOS_DEPLOYMENT_TARGET = 17.5;
				MARKETING_VERSION = 1.0;
				PRODUCT_BUNDLE_IDENTIFIER = nameahmedarif.FocustimeTests;
				PRODUCT_NAME = "$(TARGET_NAME)";
				SWIFT_EMIT_LOC_STRINGS = NO;
				SWIFT_VERSION = 5.0;
				TARGETED_DEVICE_FAMILY = "1,2";
				TEST_HOST = "$(BUILT_PRODUCTS_DIR)/Focustime.app/$(BUNDLE_EXECUTABLE_FOLDER_PATH)/Focustime";
			};
			name = Release;
		};
		E079B45C2D9E7CC200777490 /* Debug */ = {
			isa = XCBuildConfiguration;
			buildSettings = {
				ALWAYS_EMBED_SWIFT_STANDARD_LIBRARIES = YES;
				CODE_SIGN_STYLE = Automatic;
				CURRENT_PROJECT_VERSION = 1;
				DEVELOPMENT_TEAM = 7WWZUW26Y8;
				GENERATE_INFOPLIST_FILE = YES;
				MARKETING_VERSION = 1.0;
				PRODUCT_BUNDLE_IDENTIFIER = nameahmedarif.FocustimeUITests;
				PRODUCT_NAME = "$(TARGET_NAME)";
				SWIFT_EMIT_LOC_STRINGS = NO;
				SWIFT_VERSION = 5.0;
				TARGETED_DEVICE_FAMILY = "1,2";
				TEST_TARGET_NAME = Focustime;
			};
			name = Debug;
		};
		E079B45D2D9E7CC200777490 /* Release */ = {
			isa = XCBuildConfiguration;
			buildSettings = {
				ALWAYS_EMBED_SWIFT_STANDARD_LIBRARIES = YES;
				CODE_SIGN_STYLE = Automatic;
				CURRENT_PROJECT_VERSION = 1;
				DEVELOPMENT_TEAM = 7WWZUW26Y8;
				GENERATE_INFOPLIST_FILE = YES;
				MARKETING_VERSION = 1.0;
				PRODUCT_BUNDLE_IDENTIFIER = nameahmedarif.FocustimeUITests;
				PRODUCT_NAME = "$(TARGET_NAME)";
				SWIFT_EMIT_LOC_STRINGS = NO;
				SWIFT_VERSION = 5.0;
				TARGETED_DEVICE_FAMILY = "1,2";
				TEST_TARGET_NAME = Focustime;
			};
			name = Release;
		};
/* End XCBuildConfiguration section */

/* Begin XCConfigurationList section */
		E079B42C2D9E7CC000777490 /* Build configuration list for PBXProject "Focustime" */ = {
			isa = XCConfigurationList;
			buildConfigurations = (
				E079B4532D9E7CC200777490 /* Debug */,
				E079B4542D9E7CC200777490 /* Release */,
			);
			defaultConfigurationIsVisible = 0;
			defaultConfigurationName = Release;
		};
		E079B4552D9E7CC200777490 /* Build configuration list for PBXNativeTarget "Focustime" */ = {
			isa = XCConfigurationList;
			buildConfigurations = (
				E079B4562D9E7CC200777490 /* Debug */,
				E079B4572D9E7CC200777490 /* Release */,
			);
			defaultConfigurationIsVisible = 0;
			defaultConfigurationName = Release;
		};
		E079B4582D9E7CC200777490 /* Build configuration list for PBXNativeTarget "FocustimeTests" */ = {
			isa = XCConfigurationList;
			buildConfigurations = (
				E079B4592D9E7CC200777490 /* Debug */,
				E079B45A2D9E7CC200777490 /* Release */,
			);
			defaultConfigurationIsVisible = 0;
			defaultConfigurationName = Release;
		};
		E079B45B2D9E7CC200777490 /* Build configuration list for PBXNativeTarget "FocustimeUITests" */ = {
			isa = XCConfigurationList;
			buildConfigurations = (
				E079B45C2D9E7CC200777490 /* Debug */,
				E079B45D2D9E7CC200777490 /* Release */,
			);
			defaultConfigurationIsVisible = 0;
			defaultConfigurationName = Release;
		};
/* End XCConfigurationList section */

/* Begin XCRemoteSwiftPackageReference section */
		E079B4682DA1E57E00777490 /* XCRemoteSwiftPackageReference "lottie-ios" */ = {
			isa = XCRemoteSwiftPackageReference;
			repositoryURL = "https://github.com/airbnb/lottie-ios";
			requirement = {
				kind = upToNextMajorVersion;
				minimumVersion = 4.5.1;
			};
		};
/* End XCRemoteSwiftPackageReference section */

/* Begin XCSwiftPackageProductDependency section */
		E01D87152DA3D96A009D400D /* Lottie */ = {
			isa = XCSwiftPackageProductDependency;
			package = E079B4682DA1E57E00777490 /* XCRemoteSwiftPackageReference "lottie-ios" */;
			productName = Lottie;
		};
		E01D87172DA3D96A009D400D /* Lottie-Dynamic */ = {
			isa = XCSwiftPackageProductDependency;
			package = E079B4682DA1E57E00777490 /* XCRemoteSwiftPackageReference "lottie-ios" */;
			productName = "Lottie-Dynamic";
		};
		E01D87192DA3D97A009D400D /* Lottie */ = {
			isa = XCSwiftPackageProductDependency;
			package = E079B4682DA1E57E00777490 /* XCRemoteSwiftPackageReference "lottie-ios" */;
			productName = Lottie;
		};
		E01D871B2DA3D97A009D400D /* Lottie-Dynamic */ = {
			isa = XCSwiftPackageProductDependency;
			package = E079B4682DA1E57E00777490 /* XCRemoteSwiftPackageReference "lottie-ios" */;
			productName = "Lottie-Dynamic";
		};
		E079B4712DA1EB0400777490 /* Lottie */ = {
			isa = XCSwiftPackageProductDependency;
			package = E079B4682DA1E57E00777490 /* XCRemoteSwiftPackageReference "lottie-ios" */;
			productName = Lottie;
		};
/* End XCSwiftPackageProductDependency section */
	};
	rootObject = E079B4292D9E7CC000777490 /* Project object */;
}
